
Microsoft Visual Studio Solution File, Format Version 12.00
# Visual Studio Version 17
VisualStudioVersion = 17.8.34408.163
MinimumVisualStudioVersion = 10.0.40219.1
Project("{FAE04EC0-301F-11D3-BF4B-00C04F79EFBC}") = "SimpleInheritanceUpdated", "SimpleInheritanceUpdated.csproj", "{C765B8D3-1572-4AF5-A981-F1E8F74F207E}"
EndProject
Global
	GlobalSection(SolutionConfigurationPlatforms) = preSolution
		Debug|Any CPU = Debug|Any CPU
		Release|Any CPU = Release|Any CPU
	EndGlobalSection
	GlobalSection(ProjectConfigurationPlatforms) = postSolution
		{C765B8D3-1572-4AF5-A981-F1E8F74F207E}.Debug|Any CPU.ActiveCfg = Debug|Any CPU
		{C765B8D3-1572-4AF5-A981-F1E8F74F207E}.Debug|Any CPU.Build.0 = Debug|Any CPU
		{C765B8D3-1572-4AF5-A981-F1E8F74F207E}.Release|Any CPU.ActiveCfg = Release|Any CPU
		{C765B8D3-1572-4AF5-A981-F1E8F74F207E}.Release|Any CPU.Build.0 = Release|Any CPU
	EndGlobalSection
	GlobalSection(SolutionProperties) = preSolution
		HideSolutionNode = FALSE
	EndGlobalSection
	GlobalSection(ExtensibilityGlobals) = postSolution
		SolutionGuid = {F2B076FC-49C9-44DF-88FF-B0ACB9218E7F}
	EndGlobalSection
EndGlobal
